
Microsoft Visual Studio Solution File, Format Version 12.00
# Visual Studio Version 17
VisualStudioVersion = 17.1.32319.34
MinimumVisualStudioVersion = 10.0.40219.1
Project("{8BC9CEB8-8B4A-11D0-8D11-00A0C91BC942}") = "Solaris II", "Game\Game.vcxproj", "{FBC02601-E2A0-4A74-93A1-EF9C44753ED5}"
EndProject
Project("{8BC9CEB8-8B4A-11D0-8D11-00A0C91BC942}") = "Engine", "Engine\Engine.vcxproj", "{91876630-96F1-4125-9579-3FB19AC0C71B}"
EndProject
Project("{8BC9CEB8-8B4A-11D0-8D11-00A0C91BC942}") = "PhysicsPlayground", "PhysicsPlayground\PhysicsPlayground.vcxproj", "{5E764DB2-D843-41D5-B431-879EB78A1EA1}"
EndProject
Global
	GlobalSection(SolutionConfigurationPlatforms) = preSolution
		Debug|x64 = Debug|x64
		Debug|x86 = Debug|x86
		Release|x64 = Release|x64
		Release|x86 = Release|x86
	EndGlobalSection
	GlobalSection(ProjectConfigurationPlatforms) = postSolution
		{FBC02601-E2A0-4A74-93A1-EF9C44753ED5}.Debug|x64.ActiveCfg = Debug|x64
		{FBC02601-E2A0-4A74-93A1-EF9C44753ED5}.Debug|x64.Build.0 = Debug|x64
		{FBC02601-E2A0-4A74-93A1-EF9C44753ED5}.Debug|x86.ActiveCfg = Debug|Win32
		{FBC02601-E2A0-4A74-93A1-EF9C44753ED5}.Debug|x86.Build.0 = Debug|Win32
		{FBC02601-E2A0-4A74-93A1-EF9C44753ED5}.Release|x64.ActiveCfg = Release|x64
		{FBC02601-E2A0-4A74-93A1-EF9C44753ED5}.Release|x64.Build.0 = Release|x64
		{FBC02601-E2A0-4A74-93A1-EF9C44753ED5}.Release|x86.ActiveCfg = Release|Win32
		{FBC02601-E2A0-4A74-93A1-EF9C44753ED5}.Release|x86.Build.0 = Release|Win32
		{91876630-96F1-4125-9579-3FB19AC0C71B}.Debug|x64.ActiveCfg = Debug|x64
		{91876630-96F1-4125-9579-3FB19AC0C71B}.Debug|x64.Build.0 = Debug|x64
		{91876630-96F1-4125-9579-3FB19AC0C71B}.Debug|x86.ActiveCfg = Debug|Win32
		{91876630-96F1-4125-9579-3FB19AC0C71B}.Debug|x86.Build.0 = Debug|Win32
		{91876630-96F1-4125-9579-3FB19AC0C71B}.Release|x64.ActiveCfg = Release|x64
		{91876630-96F1-4125-9579-3FB19AC0C71B}.Release|x64.Build.0 = Release|x64
		{91876630-96F1-4125-9579-3FB19AC0C71B}.Release|x86.ActiveCfg = Release|Win32
		{91876630-96F1-4125-9579-3FB19AC0C71B}.Release|x86.Build.0 = Release|Win32
		{5E764DB2-D843-41D5-B431-879EB78A1EA1}.Debug|x64.ActiveCfg = Debug|x64
		{5E764DB2-D843-41D5-B431-879EB78A1EA1}.Debug|x64.Build.0 = Debug|x64
		{5E764DB2-D843-41D5-B431-879EB78A1EA1}.Debug|x86.ActiveCfg = Debug|Win32
		{5E764DB2-D843-41D5-B431-879EB78A1EA1}.Debug|x86.Build.0 = Debug|Win32
		{5E764DB2-D843-41D5-B431-879EB78A1EA1}.Release|x64.ActiveCfg = Release|x64
		{5E764DB2-D843-41D5-B431-879EB78A1EA1}.Release|x64.Build.0 = Release|x64
		{5E764DB2-D843-41D5-B431-879EB78A1EA1}.Release|x86.ActiveCfg = Release|Win32
		{5E764DB2-D843-41D5-B431-879EB78A1EA1}.Release|x86.Build.0 = Release|Win32
	EndGlobalSection
	GlobalSection(SolutionProperties) = preSolution
		HideSolutionNode = FALSE
	EndGlobalSection
	GlobalSection(ExtensibilityGlobals) = postSolution
		SolutionGuid = {F867C2D9-6603-4B43-83CD-EFEE82C8CF98}
	EndGlobalSection
EndGlobal
