<?xml version="1.0" encoding="utf-8"?>
<Project ToolsVersion="4.0" xmlns="http://schemas.microsoft.com/developer/msbuild/2003">
  <ItemGroup>
    <Filter Include="Resources">
      <UniqueIdentifier>{67DA6AB6-F800-4c08-8B7A-83BB121AAD01}</UniqueIdentifier>
      <Extensions>rc;ico;cur;bmp;dlg;rc2;rct;bin;rgs;gif;jpg;jpeg;jpe;resx;tiff;tif;png;wav;mfcribbon-ms</Extensions>
    </Filter>
    <Filter Include="Source">
      <UniqueIdentifier>{4FC737F1-C7A5-4376-A066-2A32D752A2FF}</UniqueIdentifier>
      <Extensions>cpp;c;cc;cxx;c++;cppm;ixx;def;odl;idl;hpj;bat;asm;asmx</Extensions>
    </Filter>
    <Filter Include="Source\Core">
      <UniqueIdentifier>{be422acd-3065-4cc8-8077-276f999ca0f6}</UniqueIdentifier>
    </Filter>
    <Filter Include="Source\View">
      <UniqueIdentifier>{2cd9397c-00e1-4607-b5bc-6a4b68f7222f}</UniqueIdentifier>
    </Filter>
    <Filter Include="Source\View\Renderer">
      <UniqueIdentifier>{7c99f729-ea79-4802-b3dc-3bb4e0230622}</UniqueIdentifier>
    </Filter>
    <Filter Include="Source\View\Input">
      <UniqueIdentifier>{31901b93-fd6d-4f85-8a76-16ab250496d1}</UniqueIdentifier>
    </Filter>
    <Filter Include="Source\Controller">
      <UniqueIdentifier>{dadac2a4-3b00-4448-a92f-b1ee757d94a7}</UniqueIdentifier>
    </Filter>
    <Filter Include="Source\Controller\Math">
      <UniqueIdentifier>{d5895fbd-46eb-48b2-8e6a-595cb3e36998}</UniqueIdentifier>
    </Filter>
    <Filter Include="Source\Framework">
      <UniqueIdentifier>{2841abee-73f0-4953-84ad-7816dced2dfe}</UniqueIdentifier>
    </Filter>
    <Filter Include="Source\View\Audio">
      <UniqueIdentifier>{576f9335-f831-4851-b8f2-8ca799dc02c0}</UniqueIdentifier>
    </Filter>
    <Filter Include="Source\Physics">
      <UniqueIdentifier>{af2fe741-4307-42f8-b33d-06ec3f17e7b7}</UniqueIdentifier>
    </Filter>
    <Filter Include="Source\Framework\Shapes">
      <UniqueIdentifier>{0eabf8a6-c909-4b08-bfc4-76ad1473975d}</UniqueIdentifier>
    </Filter>
    <Filter Include="Source\Physics\Generators">
      <UniqueIdentifier>{62c88dd5-c9d5-4aa9-9769-4375ace83eb4}</UniqueIdentifier>
    </Filter>
    <Filter Include="Source\Physics\Collision">
      <UniqueIdentifier>{eb33fd94-0b8f-471d-ba76-c65ba79a3e6d}</UniqueIdentifier>
    </Filter>
  </ItemGroup>
  <ItemGroup>
    <ClCompile Include="Math\mathUtils.cpp">
      <Filter>Source\Controller\Math</Filter>
    </ClCompile>
    <ClCompile Include="Core\memMgmt.cpp">
      <Filter>Source\Core</Filter>
    </ClCompile>
    <ClCompile Include="Renderer\renderer.cpp">
      <Filter>Source\View\Renderer</Filter>
    </ClCompile>
    <ClCompile Include="Renderer\model.cpp">
      <Filter>Source\View\Renderer</Filter>
    </ClCompile>
    <ClCompile Include="Core\File.cpp">
      <Filter>Source\Core</Filter>
    </ClCompile>
    <ClCompile Include="Core\timeMgmt.cpp">
      <Filter>Source\Core</Filter>
    </ClCompile>
    <ClCompile Include="Input\InputSystem.cpp">
      <Filter>Source\View\Input</Filter>
    </ClCompile>
    <ClCompile Include="Framework\Actor.cpp">
      <Filter>Source\Framework</Filter>
    </ClCompile>
    <ClCompile Include="Framework\Scene.cpp">
      <Filter>Source\Framework</Filter>
    </ClCompile>
    <ClCompile Include="Engine.cpp">
      <Filter>Source</Filter>
    </ClCompile>
    <ClCompile Include="Audio\AudioSystem.cpp">
      <Filter>Source\View\Audio</Filter>
    </ClCompile>
    <ClCompile Include="Renderer\Font.cpp">
      <Filter>Source\View\Renderer</Filter>
    </ClCompile>
    <ClCompile Include="Renderer\Text.cpp">
      <Filter>Source\View\Renderer</Filter>
    </ClCompile>
    <ClCompile Include="Renderer\Primitives.cpp">
      <Filter>Source\View\Renderer</Filter>
    </ClCompile>
    <ClCompile Include="Framework\Body.cpp">
      <Filter>Source\Framework</Filter>
    </ClCompile>
    <ClCompile Include="Physics\Integrator.cpp">
      <Filter>Source\Physics</Filter>
    </ClCompile>
    <ClCompile Include="PhysicsSpace.cpp">
      <Filter>Source\Physics</Filter>
    </ClCompile>
    <ClCompile Include="ForceGenerator.cpp">
      <Filter>Source\Physics</Filter>
    </ClCompile>
    <ClCompile Include="Framework\PhysicsObject.cpp">
      <Filter>Source\Framework</Filter>
    </ClCompile>
    <ClCompile Include="Framework\Shapes\CircleShape.cpp">
      <Filter>Source\Framework\Shapes</Filter>
    </ClCompile>
    <ClCompile Include="Physics\Generators\Gravitational.cpp">
      <Filter>Source</Filter>
    </ClCompile>
    <ClCompile Include="Physics\Generators\AreaForce.cpp">
      <Filter>Source\Physics\Generators</Filter>
    </ClCompile>
    <ClCompile Include="Physics\Generators\DragForce.cpp">
      <Filter>Source\Physics\Generators</Filter>
    </ClCompile>
    <ClCompile Include="Physics\Generators\GravitationalGenerator.cpp">
      <Filter>Source\Physics\Generators</Filter>
    </ClCompile>
    <ClCompile Include="Physics\Generators\PointForce.cpp">
      <Filter>Source\Physics\Generators</Filter>
    </ClCompile>
    <ClCompile Include="Physics\Joint.cpp">
      <Filter>Source\Physics</Filter>
    </ClCompile>
    <ClCompile Include="Physics\Collision\Collision.cpp">
      <Filter>Source\Physics\Collision</Filter>
    </ClCompile>
  </ItemGroup>
  <ItemGroup>
    <ClInclude Include="Math\mathUtils.h">
      <Filter>Source\Controller\Math</Filter>
    </ClInclude>
    <ClInclude Include="Core\memMgmt.h">
      <Filter>Source\Core</Filter>
    </ClInclude>
    <ClInclude Include="Renderer\renderer.h">
      <Filter>Source\View\Renderer</Filter>
    </ClInclude>
    <ClInclude Include="Renderer\model.h">
      <Filter>Source\View\Renderer</Filter>
    </ClInclude>
    <ClInclude Include="Core\File.h">
      <Filter>Source\Core</Filter>
    </ClInclude>
    <ClInclude Include="Core\timeMgmt.h">
      <Filter>Source\Core</Filter>
    </ClInclude>
    <ClInclude Include="Input\InputSystem.h">
      <Filter>Source\View\Input</Filter>
    </ClInclude>
    <ClInclude Include="Math\Random.h">
      <Filter>Source\Controller\Math</Filter>
    </ClInclude>
    <ClInclude Include="Math\Transform.h">
      <Filter>Source\Controller\Math</Filter>
    </ClInclude>
    <ClInclude Include="Math\Vector2.h">
      <Filter>Source\Controller\Math</Filter>
    </ClInclude>
    <ClInclude Include="Math\color.h">
      <Filter>Source\Controller\Math</Filter>
    </ClInclude>
    <ClInclude Include="Framework\Actor.h">
      <Filter>Source\Framework</Filter>
    </ClInclude>
    <ClInclude Include="Framework\GameObject.h">
      <Filter>Source\Framework</Filter>
    </ClInclude>
    <ClInclude Include="Framework\Scene.h">
      <Filter>Source\Framework</Filter>
    </ClInclude>
    <ClInclude Include="Audio\AudioSystem.h">
      <Filter>Source\View\Audio</Filter>
    </ClInclude>
    <ClInclude Include="Engine.h">
      <Filter>Source</Filter>
    </ClInclude>
    <ClInclude Include="Renderer\Font.h">
      <Filter>Source\View\Renderer</Filter>
    </ClInclude>
    <ClInclude Include="Renderer\Text.h">
      <Filter>Source\View\Renderer</Filter>
    </ClInclude>
    <ClInclude Include="Framework\Game.h">
      <Filter>Source\Framework</Filter>
    </ClInclude>
    <ClInclude Include="Core\Random.h">
      <Filter>Source\Core</Filter>
    </ClInclude>
    <ClInclude Include="Renderer\Primitives.h">
      <Filter>Source\View\Renderer</Filter>
    </ClInclude>
    <ClInclude Include="Framework\Body.h">
      <Filter>Source\Framework</Filter>
    </ClInclude>
    <ClInclude Include="Framework\Shape.h">
      <Filter>Source\Framework</Filter>
    </ClInclude>
    <ClInclude Include="PhysicsSpace.h">
      <Filter>Source\Physics</Filter>
    </ClInclude>
    <ClInclude Include="ForceGenerator.h">
      <Filter>Source\Physics</Filter>
    </ClInclude>
    <ClInclude Include="Framework\PhysicsObject.h">
      <Filter>Source\Framework</Filter>
    </ClInclude>
    <ClInclude Include="Framework\Shapes\CircleShape.h">
      <Filter>Source\Framework\Shapes</Filter>
    </ClInclude>
    <ClInclude Include="Physics\PhysicsData.h">
      <Filter>Source\Physics</Filter>
    </ClInclude>
    <ClInclude Include="Physics\Generators\Gravitational.h">
      <Filter>Source\Physics\Generators</Filter>
    </ClInclude>
    <ClInclude Include="Physics\Integrator.h">
      <Filter>Source\Physics</Filter>
    </ClInclude>
    <ClInclude Include="Physics\Generators\AreaForce.h">
      <Filter>Source\Physics\Generators</Filter>
    </ClInclude>
    <ClInclude Include="Physics\Generators\DragForce.h">
      <Filter>Source\Physics\Generators</Filter>
    </ClInclude>
    <ClInclude Include="Physics\Generators\GravitationalGenerator.h">
      <Filter>Source\Physics\Generators</Filter>
    </ClInclude>
    <ClInclude Include="Physics\Generators\PointForce.h">
      <Filter>Source\Physics\Generators</Filter>
    </ClInclude>
    <ClInclude Include="Physics\Joint.h">
      <Filter>Source\Physics</Filter>
    </ClInclude>
    <ClInclude Include="Physics\Collision\Collision.h">
      <Filter>Source\Physics\Collision</Filter>
    </ClInclude>
    <ClInclude Include="Physics\Collision\Contact.h">
      <Filter>Source\Physics\Collision</Filter>
    </ClInclude>
  </ItemGroup>
</Project>